
Microsoft Visual Studio Solution File, Format Version 12.00
# Visual Studio 14
VisualStudioVersion = 14.0.25420.1
MinimumVisualStudioVersion = 10.0.40219.1
Project("{FAE04EC0-301F-11D3-BF4B-00C04F79EFBC}") = "ProjectTrack.Android", "ProjectTrack\ProjectTrack.Android\ProjectTrack.Android.csproj", "{EDB3BC6B-0032-46D7-8430-E1C6EC51429A}"
EndProject
Project("{FAE04EC0-301F-11D3-BF4B-00C04F79EFBC}") = "ProjectTrack", "ProjectTrack\ProjectTrack\ProjectTrack.csproj", "{2A49FF99-4A2B-411F-9EF3-BEE1B29CC8A0}"
EndProject
Project("{FAE04EC0-301F-11D3-BF4B-00C04F79EFBC}") = "ProjectTrack.UWP", "ProjectTrack\ProjectTrack.UWP\ProjectTrack.UWP.csproj", "{685C8306-2EC7-4106-8FBB-5B55C66BF215}"
EndProject
Project("{FAE04EC0-301F-11D3-BF4B-00C04F79EFBC}") = "ProjectTrack.iOS", "ProjectTrack\ProjectTrack.iOS\ProjectTrack.iOS.csproj", "{1FD822BF-5999-4511-B9E2-73D1C1A26CCA}"
EndProject
Global
	GlobalSection(SolutionConfigurationPlatforms) = preSolution
		Ad-Hoc|Any CPU = Ad-Hoc|Any CPU
		Ad-Hoc|ARM = Ad-Hoc|ARM
		Ad-Hoc|iPhone = Ad-Hoc|iPhone
		Ad-Hoc|iPhoneSimulator = Ad-Hoc|iPhoneSimulator
		Ad-Hoc|x64 = Ad-Hoc|x64
		Ad-Hoc|x86 = Ad-Hoc|x86
		AppStore|Any CPU = AppStore|Any CPU
		AppStore|ARM = AppStore|ARM
		AppStore|iPhone = AppStore|iPhone
		AppStore|iPhoneSimulator = AppStore|iPhoneSimulator
		AppStore|x64 = AppStore|x64
		AppStore|x86 = AppStore|x86
		Debug|Any CPU = Debug|Any CPU
		Debug|ARM = Debug|ARM
		Debug|iPhone = Debug|iPhone
		Debug|iPhoneSimulator = Debug|iPhoneSimulator
		Debug|x64 = Debug|x64
		Debug|x86 = Debug|x86
		Release|Any CPU = Release|Any CPU
		Release|ARM = Release|ARM
		Release|iPhone = Release|iPhone
		Release|iPhoneSimulator = Release|iPhoneSimulator
		Release|x64 = Release|x64
		Release|x86 = Release|x86
	EndGlobalSection
	GlobalSection(ProjectConfigurationPlatforms) = postSolution
		{EDB3BC6B-0032-46D7-8430-E1C6EC51429A}.Ad-Hoc|Any CPU.ActiveCfg = Release|Any CPU
		{EDB3BC6B-0032-46D7-8430-E1C6EC51429A}.Ad-Hoc|Any CPU.Build.0 = Release|Any CPU
		{EDB3BC6B-0032-46D7-8430-E1C6EC51429A}.Ad-Hoc|Any CPU.Deploy.0 = Release|Any CPU
		{EDB3BC6B-0032-46D7-8430-E1C6EC51429A}.Ad-Hoc|ARM.ActiveCfg = Release|Any CPU
		{EDB3BC6B-0032-46D7-8430-E1C6EC51429A}.Ad-Hoc|ARM.Build.0 = Release|Any CPU
		{EDB3BC6B-0032-46D7-8430-E1C6EC51429A}.Ad-Hoc|ARM.Deploy.0 = Release|Any CPU
		{EDB3BC6B-0032-46D7-8430-E1C6EC51429A}.Ad-Hoc|iPhone.ActiveCfg = Release|Any CPU
		{EDB3BC6B-0032-46D7-8430-E1C6EC51429A}.Ad-Hoc|iPhone.Build.0 = Release|Any CPU
		{EDB3BC6B-0032-46D7-8430-E1C6EC51429A}.Ad-Hoc|iPhone.Deploy.0 = Release|Any CPU
		{EDB3BC6B-0032-46D7-8430-E1C6EC51429A}.Ad-Hoc|iPhoneSimulator.ActiveCfg = Release|Any CPU
		{EDB3BC6B-0032-46D7-8430-E1C6EC51429A}.Ad-Hoc|iPhoneSimulator.Build.0 = Release|Any CPU
		{EDB3BC6B-0032-46D7-8430-E1C6EC51429A}.Ad-Hoc|iPhoneSimulator.Deploy.0 = Release|Any CPU
		{EDB3BC6B-0032-46D7-8430-E1C6EC51429A}.Ad-Hoc|x64.ActiveCfg = Release|Any CPU
		{EDB3BC6B-0032-46D7-8430-E1C6EC51429A}.Ad-Hoc|x64.Build.0 = Release|Any CPU
		{EDB3BC6B-0032-46D7-8430-E1C6EC51429A}.Ad-Hoc|x64.Deploy.0 = Release|Any CPU
		{EDB3BC6B-0032-46D7-8430-E1C6EC51429A}.Ad-Hoc|x86.ActiveCfg = Release|Any CPU
		{EDB3BC6B-0032-46D7-8430-E1C6EC51429A}.Ad-Hoc|x86.Build.0 = Release|Any CPU
		{EDB3BC6B-0032-46D7-8430-E1C6EC51429A}.Ad-Hoc|x86.Deploy.0 = Release|Any CPU
		{EDB3BC6B-0032-46D7-8430-E1C6EC51429A}.AppStore|Any CPU.ActiveCfg = Release|Any CPU
		{EDB3BC6B-0032-46D7-8430-E1C6EC51429A}.AppStore|Any CPU.Build.0 = Release|Any CPU
		{EDB3BC6B-0032-46D7-8430-E1C6EC51429A}.AppStore|Any CPU.Deploy.0 = Release|Any CPU
		{EDB3BC6B-0032-46D7-8430-E1C6EC51429A}.AppStore|ARM.ActiveCfg = Release|Any CPU
		{EDB3BC6B-0032-46D7-8430-E1C6EC51429A}.AppStore|ARM.Build.0 = Release|Any CPU
		{EDB3BC6B-0032-46D7-8430-E1C6EC51429A}.AppStore|ARM.Deploy.0 = Release|Any CPU
		{EDB3BC6B-0032-46D7-8430-E1C6EC51429A}.AppStore|iPhone.ActiveCfg = Release|Any CPU
		{EDB3BC6B-0032-46D7-8430-E1C6EC51429A}.AppStore|iPhone.Build.0 = Release|Any CPU
		{EDB3BC6B-0032-46D7-8430-E1C6EC51429A}.AppStore|iPhone.Deploy.0 = Release|Any CPU
		{EDB3BC6B-0032-46D7-8430-E1C6EC51429A}.AppStore|iPhoneSimulator.ActiveCfg = Release|Any CPU
		{EDB3BC6B-0032-46D7-8430-E1C6EC51429A}.AppStore|iPhoneSimulator.Build.0 = Release|Any CPU
		{EDB3BC6B-0032-46D7-8430-E1C6EC51429A}.AppStore|iPhoneSimulator.Deploy.0 = Release|Any CPU
		{EDB3BC6B-0032-46D7-8430-E1C6EC51429A}.AppStore|x64.ActiveCfg = Release|Any CPU
		{EDB3BC6B-0032-46D7-8430-E1C6EC51429A}.AppStore|x64.Build.0 = Release|Any CPU
		{EDB3BC6B-0032-46D7-8430-E1C6EC51429A}.AppStore|x64.Deploy.0 = Release|Any CPU
		{EDB3BC6B-0032-46D7-8430-E1C6EC51429A}.AppStore|x86.ActiveCfg = Release|Any CPU
		{EDB3BC6B-0032-46D7-8430-E1C6EC51429A}.AppStore|x86.Build.0 = Release|Any CPU
		{EDB3BC6B-0032-46D7-8430-E1C6EC51429A}.AppStore|x86.Deploy.0 = Release|Any CPU
		{EDB3BC6B-0032-46D7-8430-E1C6EC51429A}.Debug|Any CPU.ActiveCfg = Debug|Any CPU
		{EDB3BC6B-0032-46D7-8430-E1C6EC51429A}.Debug|Any CPU.Build.0 = Debug|Any CPU
		{EDB3BC6B-0032-46D7-8430-E1C6EC51429A}.Debug|Any CPU.Deploy.0 = Debug|Any CPU
		{EDB3BC6B-0032-46D7-8430-E1C6EC51429A}.Debug|ARM.ActiveCfg = Debug|Any CPU
		{EDB3BC6B-0032-46D7-8430-E1C6EC51429A}.Debug|ARM.Build.0 = Debug|Any CPU
		{EDB3BC6B-0032-46D7-8430-E1C6EC51429A}.Debug|ARM.Deploy.0 = Debug|Any CPU
		{EDB3BC6B-0032-46D7-8430-E1C6EC51429A}.Debug|iPhone.ActiveCfg = Debug|Any CPU
		{EDB3BC6B-0032-46D7-8430-E1C6EC51429A}.Debug|iPhone.Build.0 = Debug|Any CPU
		{EDB3BC6B-0032-46D7-8430-E1C6EC51429A}.Debug|iPhone.Deploy.0 = Debug|Any CPU
		{EDB3BC6B-0032-46D7-8430-E1C6EC51429A}.Debug|iPhoneSimulator.ActiveCfg = Debug|Any CPU
		{EDB3BC6B-0032-46D7-8430-E1C6EC51429A}.Debug|iPhoneSimulator.Build.0 = Debug|Any CPU
		{EDB3BC6B-0032-46D7-8430-E1C6EC51429A}.Debug|iPhoneSimulator.Deploy.0 = Debug|Any CPU
		{EDB3BC6B-0032-46D7-8430-E1C6EC51429A}.Debug|x64.ActiveCfg = Debug|Any CPU
		{EDB3BC6B-0032-46D7-8430-E1C6EC51429A}.Debug|x64.Build.0 = Debug|Any CPU
		{EDB3BC6B-0032-46D7-8430-E1C6EC51429A}.Debug|x64.Deploy.0 = Debug|Any CPU
		{EDB3BC6B-0032-46D7-8430-E1C6EC51429A}.Debug|x86.ActiveCfg = Debug|Any CPU
		{EDB3BC6B-0032-46D7-8430-E1C6EC51429A}.Debug|x86.Build.0 = Debug|Any CPU
		{EDB3BC6B-0032-46D7-8430-E1C6EC51429A}.Debug|x86.Deploy.0 = Debug|Any CPU
		{EDB3BC6B-0032-46D7-8430-E1C6EC51429A}.Release|Any CPU.ActiveCfg = Release|Any CPU
		{EDB3BC6B-0032-46D7-8430-E1C6EC51429A}.Release|Any CPU.Build.0 = Release|Any CPU
		{EDB3BC6B-0032-46D7-8430-E1C6EC51429A}.Release|Any CPU.Deploy.0 = Release|Any CPU
		{EDB3BC6B-0032-46D7-8430-E1C6EC51429A}.Release|ARM.ActiveCfg = Release|Any CPU
		{EDB3BC6B-0032-46D7-8430-E1C6EC51429A}.Release|ARM.Build.0 = Release|Any CPU
		{EDB3BC6B-0032-46D7-8430-E1C6EC51429A}.Release|ARM.Deploy.0 = Release|Any CPU
		{EDB3BC6B-0032-46D7-8430-E1C6EC51429A}.Release|iPhone.ActiveCfg = Release|Any CPU
		{EDB3BC6B-0032-46D7-8430-E1C6EC51429A}.Release|iPhone.Build.0 = Release|Any CPU
		{EDB3BC6B-0032-46D7-8430-E1C6EC51429A}.Release|iPhone.Deploy.0 = Release|Any CPU
		{EDB3BC6B-0032-46D7-8430-E1C6EC51429A}.Release|iPhoneSimulator.ActiveCfg = Release|Any CPU
		{EDB3BC6B-0032-46D7-8430-E1C6EC51429A}.Release|iPhoneSimulator.Build.0 = Release|Any CPU
		{EDB3BC6B-0032-46D7-8430-E1C6EC51429A}.Release|iPhoneSimulator.Deploy.0 = Release|Any CPU
		{EDB3BC6B-0032-46D7-8430-E1C6EC51429A}.Release|x64.ActiveCfg = Release|Any CPU
		{EDB3BC6B-0032-46D7-8430-E1C6EC51429A}.Release|x64.Build.0 = Release|Any CPU
		{EDB3BC6B-0032-46D7-8430-E1C6EC51429A}.Release|x64.Deploy.0 = Release|Any CPU
		{EDB3BC6B-0032-46D7-8430-E1C6EC51429A}.Release|x86.ActiveCfg = Release|Any CPU
		{EDB3BC6B-0032-46D7-8430-E1C6EC51429A}.Release|x86.Build.0 = Release|Any CPU
		{EDB3BC6B-0032-46D7-8430-E1C6EC51429A}.Release|x86.Deploy.0 = Release|Any CPU
		{2A49FF99-4A2B-411F-9EF3-BEE1B29CC8A0}.Ad-Hoc|Any CPU.ActiveCfg = Release|Any CPU
		{2A49FF99-4A2B-411F-9EF3-BEE1B29CC8A0}.Ad-Hoc|Any CPU.Build.0 = Release|Any CPU
		{2A49FF99-4A2B-411F-9EF3-BEE1B29CC8A0}.Ad-Hoc|ARM.ActiveCfg = Release|Any CPU
		{2A49FF99-4A2B-411F-9EF3-BEE1B29CC8A0}.Ad-Hoc|ARM.Build.0 = Release|Any CPU
		{2A49FF99-4A2B-411F-9EF3-BEE1B29CC8A0}.Ad-Hoc|iPhone.ActiveCfg = Release|Any CPU
		{2A49FF99-4A2B-411F-9EF3-BEE1B29CC8A0}.Ad-Hoc|iPhone.Build.0 = Release|Any CPU
		{2A49FF99-4A2B-411F-9EF3-BEE1B29CC8A0}.Ad-Hoc|iPhoneSimulator.ActiveCfg = Release|Any CPU
		{2A49FF99-4A2B-411F-9EF3-BEE1B29CC8A0}.Ad-Hoc|iPhoneSimulator.Build.0 = Release|Any CPU
		{2A49FF99-4A2B-411F-9EF3-BEE1B29CC8A0}.Ad-Hoc|x64.ActiveCfg = Release|Any CPU
		{2A49FF99-4A2B-411F-9EF3-BEE1B29CC8A0}.Ad-Hoc|x64.Build.0 = Release|Any CPU
		{2A49FF99-4A2B-411F-9EF3-BEE1B29CC8A0}.Ad-Hoc|x86.ActiveCfg = Release|Any CPU
		{2A49FF99-4A2B-411F-9EF3-BEE1B29CC8A0}.Ad-Hoc|x86.Build.0 = Release|Any CPU
		{2A49FF99-4A2B-411F-9EF3-BEE1B29CC8A0}.AppStore|Any CPU.ActiveCfg = Release|Any CPU
		{2A49FF99-4A2B-411F-9EF3-BEE1B29CC8A0}.AppStore|Any CPU.Build.0 = Release|Any CPU
		{2A49FF99-4A2B-411F-9EF3-BEE1B29CC8A0}.AppStore|ARM.ActiveCfg = Release|Any CPU
		{2A49FF99-4A2B-411F-9EF3-BEE1B29CC8A0}.AppStore|ARM.Build.0 = Release|Any CPU
		{2A49FF99-4A2B-411F-9EF3-BEE1B29CC8A0}.AppStore|iPhone.ActiveCfg = Release|Any CPU
		{2A49FF99-4A2B-411F-9EF3-BEE1B29CC8A0}.AppStore|iPhone.Build.0 = Release|Any CPU
		{2A49FF99-4A2B-411F-9EF3-BEE1B29CC8A0}.AppStore|iPhoneSimulator.ActiveCfg = Release|Any CPU
		{2A49FF99-4A2B-411F-9EF3-BEE1B29CC8A0}.AppStore|iPhoneSimulator.Build.0 = Release|Any CPU
		{2A49FF99-4A2B-411F-9EF3-BEE1B29CC8A0}.AppStore|x64.ActiveCfg = Release|Any CPU
		{2A49FF99-4A2B-411F-9EF3-BEE1B29CC8A0}.AppStore|x64.Build.0 = Release|Any CPU
		{2A49FF99-4A2B-411F-9EF3-BEE1B29CC8A0}.AppStore|x86.ActiveCfg = Release|Any CPU
		{2A49FF99-4A2B-411F-9EF3-BEE1B29CC8A0}.AppStore|x86.Build.0 = Release|Any CPU
		{2A49FF99-4A2B-411F-9EF3-BEE1B29CC8A0}.Debug|Any CPU.ActiveCfg = Debug|Any CPU
		{2A49FF99-4A2B-411F-9EF3-BEE1B29CC8A0}.Debug|Any CPU.Build.0 = Debug|Any CPU
		{2A49FF99-4A2B-411F-9EF3-BEE1B29CC8A0}.Debug|ARM.ActiveCfg = Debug|Any CPU
		{2A49FF99-4A2B-411F-9EF3-BEE1B29CC8A0}.Debug|ARM.Build.0 = Debug|Any CPU
		{2A49FF99-4A2B-411F-9EF3-BEE1B29CC8A0}.Debug|iPhone.ActiveCfg = Debug|Any CPU
		{2A49FF99-4A2B-411F-9EF3-BEE1B29CC8A0}.Debug|iPhone.Build.0 = Debug|Any CPU
		{2A49FF99-4A2B-411F-9EF3-BEE1B29CC8A0}.Debug|iPhoneSimulator.ActiveCfg = Debug|Any CPU
		{2A49FF99-4A2B-411F-9EF3-BEE1B29CC8A0}.Debug|iPhoneSimulator.Build.0 = Debug|Any CPU
		{2A49FF99-4A2B-411F-9EF3-BEE1B29CC8A0}.Debug|x64.ActiveCfg = Debug|Any CPU
		{2A49FF99-4A2B-411F-9EF3-BEE1B29CC8A0}.Debug|x64.Build.0 = Debug|Any CPU
		{2A49FF99-4A2B-411F-9EF3-BEE1B29CC8A0}.Debug|x86.ActiveCfg = Debug|Any CPU
		{2A49FF99-4A2B-411F-9EF3-BEE1B29CC8A0}.Debug|x86.Build.0 = Debug|Any CPU
		{2A49FF99-4A2B-411F-9EF3-BEE1B29CC8A0}.Release|Any CPU.ActiveCfg = Release|Any CPU
		{2A49FF99-4A2B-411F-9EF3-BEE1B29CC8A0}.Release|Any CPU.Build.0 = Release|Any CPU
		{2A49FF99-4A2B-411F-9EF3-BEE1B29CC8A0}.Release|ARM.ActiveCfg = Release|Any CPU
		{2A49FF99-4A2B-411F-9EF3-BEE1B29CC8A0}.Release|ARM.Build.0 = Release|Any CPU
		{2A49FF99-4A2B-411F-9EF3-BEE1B29CC8A0}.Release|iPhone.ActiveCfg = Release|Any CPU
		{2A49FF99-4A2B-411F-9EF3-BEE1B29CC8A0}.Release|iPhone.Build.0 = Release|Any CPU
		{2A49FF99-4A2B-411F-9EF3-BEE1B29CC8A0}.Release|iPhoneSimulator.ActiveCfg = Release|Any CPU
		{2A49FF99-4A2B-411F-9EF3-BEE1B29CC8A0}.Release|iPhoneSimulator.Build.0 = Release|Any CPU
		{2A49FF99-4A2B-411F-9EF3-BEE1B29CC8A0}.Release|x64.ActiveCfg = Release|Any CPU
		{2A49FF99-4A2B-411F-9EF3-BEE1B29CC8A0}.Release|x64.Build.0 = Release|Any CPU
		{2A49FF99-4A2B-411F-9EF3-BEE1B29CC8A0}.Release|x86.ActiveCfg = Release|Any CPU
		{2A49FF99-4A2B-411F-9EF3-BEE1B29CC8A0}.Release|x86.Build.0 = Release|Any CPU
		{685C8306-2EC7-4106-8FBB-5B55C66BF215}.Ad-Hoc|Any CPU.ActiveCfg = Release|x86
		{685C8306-2EC7-4106-8FBB-5B55C66BF215}.Ad-Hoc|Any CPU.Build.0 = Release|x86
		{685C8306-2EC7-4106-8FBB-5B55C66BF215}.Ad-Hoc|Any CPU.Deploy.0 = Release|x86
		{685C8306-2EC7-4106-8FBB-5B55C66BF215}.Ad-Hoc|ARM.ActiveCfg = Release|ARM
		{685C8306-2EC7-4106-8FBB-5B55C66BF215}.Ad-Hoc|ARM.Build.0 = Release|ARM
		{685C8306-2EC7-4106-8FBB-5B55C66BF215}.Ad-Hoc|ARM.Deploy.0 = Release|ARM
		{685C8306-2EC7-4106-8FBB-5B55C66BF215}.Ad-Hoc|iPhone.ActiveCfg = Release|x86
		{685C8306-2EC7-4106-8FBB-5B55C66BF215}.Ad-Hoc|iPhone.Build.0 = Release|x86
		{685C8306-2EC7-4106-8FBB-5B55C66BF215}.Ad-Hoc|iPhone.Deploy.0 = Release|x86
		{685C8306-2EC7-4106-8FBB-5B55C66BF215}.Ad-Hoc|iPhoneSimulator.ActiveCfg = Release|x86
		{685C8306-2EC7-4106-8FBB-5B55C66BF215}.Ad-Hoc|iPhoneSimulator.Build.0 = Release|x86
		{685C8306-2EC7-4106-8FBB-5B55C66BF215}.Ad-Hoc|iPhoneSimulator.Deploy.0 = Release|x86
		{685C8306-2EC7-4106-8FBB-5B55C66BF215}.Ad-Hoc|x64.ActiveCfg = Release|x64
		{685C8306-2EC7-4106-8FBB-5B55C66BF215}.Ad-Hoc|x64.Build.0 = Release|x64
		{685C8306-2EC7-4106-8FBB-5B55C66BF215}.Ad-Hoc|x64.Deploy.0 = Release|x64
		{685C8306-2EC7-4106-8FBB-5B55C66BF215}.Ad-Hoc|x86.ActiveCfg = Release|x86
		{685C8306-2EC7-4106-8FBB-5B55C66BF215}.Ad-Hoc|x86.Build.0 = Release|x86
		{685C8306-2EC7-4106-8FBB-5B55C66BF215}.Ad-Hoc|x86.Deploy.0 = Release|x86
		{685C8306-2EC7-4106-8FBB-5B55C66BF215}.AppStore|Any CPU.ActiveCfg = Release|x86
		{685C8306-2EC7-4106-8FBB-5B55C66BF215}.AppStore|Any CPU.Build.0 = Release|x86
		{685C8306-2EC7-4106-8FBB-5B55C66BF215}.AppStore|Any CPU.Deploy.0 = Release|x86
		{685C8306-2EC7-4106-8FBB-5B55C66BF215}.AppStore|ARM.ActiveCfg = Release|ARM
		{685C8306-2EC7-4106-8FBB-5B55C66BF215}.AppStore|ARM.Build.0 = Release|ARM
		{685C8306-2EC7-4106-8FBB-5B55C66BF215}.AppStore|ARM.Deploy.0 = Release|ARM
		{685C8306-2EC7-4106-8FBB-5B55C66BF215}.AppStore|iPhone.ActiveCfg = Release|x86
		{685C8306-2EC7-4106-8FBB-5B55C66BF215}.AppStore|iPhone.Build.0 = Release|x86
		{685C8306-2EC7-4106-8FBB-5B55C66BF215}.AppStore|iPhone.Deploy.0 = Release|x86
		{685C8306-2EC7-4106-8FBB-5B55C66BF215}.AppStore|iPhoneSimulator.ActiveCfg = Release|x86
		{685C8306-2EC7-4106-8FBB-5B55C66BF215}.AppStore|iPhoneSimulator.Build.0 = Release|x86
		{685C8306-2EC7-4106-8FBB-5B55C66BF215}.AppStore|iPhoneSimulator.Deploy.0 = Release|x86
		{685C8306-2EC7-4106-8FBB-5B55C66BF215}.AppStore|x64.ActiveCfg = Release|x64
		{685C8306-2EC7-4106-8FBB-5B55C66BF215}.AppStore|x64.Build.0 = Release|x64
		{685C8306-2EC7-4106-8FBB-5B55C66BF215}.AppStore|x64.Deploy.0 = Release|x64
		{685C8306-2EC7-4106-8FBB-5B55C66BF215}.AppStore|x86.ActiveCfg = Release|x86
		{685C8306-2EC7-4106-8FBB-5B55C66BF215}.AppStore|x86.Build.0 = Release|x86
		{685C8306-2EC7-4106-8FBB-5B55C66BF215}.AppStore|x86.Deploy.0 = Release|x86
		{685C8306-2EC7-4106-8FBB-5B55C66BF215}.Debug|Any CPU.ActiveCfg = Debug|x86
		{685C8306-2EC7-4106-8FBB-5B55C66BF215}.Debug|ARM.ActiveCfg = Debug|ARM
		{685C8306-2EC7-4106-8FBB-5B55C66BF215}.Debug|ARM.Build.0 = Debug|ARM
		{685C8306-2EC7-4106-8FBB-5B55C66BF215}.Debug|ARM.Deploy.0 = Debug|ARM
		{685C8306-2EC7-4106-8FBB-5B55C66BF215}.Debug|iPhone.ActiveCfg = Debug|x86
		{685C8306-2EC7-4106-8FBB-5B55C66BF215}.Debug|iPhoneSimulator.ActiveCfg = Debug|x86
		{685C8306-2EC7-4106-8FBB-5B55C66BF215}.Debug|x64.ActiveCfg = Debug|x64
		{685C8306-2EC7-4106-8FBB-5B55C66BF215}.Debug|x64.Build.0 = Debug|x64
		{685C8306-2EC7-4106-8FBB-5B55C66BF215}.Debug|x64.Deploy.0 = Debug|x64
		{685C8306-2EC7-4106-8FBB-5B55C66BF215}.Debug|x86.ActiveCfg = Debug|x86
		{685C8306-2EC7-4106-8FBB-5B55C66BF215}.Debug|x86.Build.0 = Debug|x86
		{685C8306-2EC7-4106-8FBB-5B55C66BF215}.Debug|x86.Deploy.0 = Debug|x86
		{685C8306-2EC7-4106-8FBB-5B55C66BF215}.Release|Any CPU.ActiveCfg = Release|x86
		{685C8306-2EC7-4106-8FBB-5B55C66BF215}.Release|ARM.ActiveCfg = Release|ARM
		{685C8306-2EC7-4106-8FBB-5B55C66BF215}.Release|ARM.Build.0 = Release|ARM
		{685C8306-2EC7-4106-8FBB-5B55C66BF215}.Release|ARM.Deploy.0 = Release|ARM
		{685C8306-2EC7-4106-8FBB-5B55C66BF215}.Release|iPhone.ActiveCfg = Release|x86
		{685C8306-2EC7-4106-8FBB-5B55C66BF215}.Release|iPhoneSimulator.ActiveCfg = Release|x86
		{685C8306-2EC7-4106-8FBB-5B55C66BF215}.Release|x64.ActiveCfg = Release|x64
		{685C8306-2EC7-4106-8FBB-5B55C66BF215}.Release|x64.Build.0 = Release|x64
		{685C8306-2EC7-4106-8FBB-5B55C66BF215}.Release|x64.Deploy.0 = Release|x64
		{685C8306-2EC7-4106-8FBB-5B55C66BF215}.Release|x86.ActiveCfg = Release|x86
		{685C8306-2EC7-4106-8FBB-5B55C66BF215}.Release|x86.Build.0 = Release|x86
		{685C8306-2EC7-4106-8FBB-5B55C66BF215}.Release|x86.Deploy.0 = Release|x86
		{1FD822BF-5999-4511-B9E2-73D1C1A26CCA}.Ad-Hoc|Any CPU.ActiveCfg = Ad-Hoc|iPhone
		{1FD822BF-5999-4511-B9E2-73D1C1A26CCA}.Ad-Hoc|ARM.ActiveCfg = Ad-Hoc|iPhone
		{1FD822BF-5999-4511-B9E2-73D1C1A26CCA}.Ad-Hoc|iPhone.ActiveCfg = Ad-Hoc|iPhone
		{1FD822BF-5999-4511-B9E2-73D1C1A26CCA}.Ad-Hoc|iPhone.Build.0 = Ad-Hoc|iPhone
		{1FD822BF-5999-4511-B9E2-73D1C1A26CCA}.Ad-Hoc|iPhoneSimulator.ActiveCfg = Ad-Hoc|iPhoneSimulator
		{1FD822BF-5999-4511-B9E2-73D1C1A26CCA}.Ad-Hoc|iPhoneSimulator.Build.0 = Ad-Hoc|iPhoneSimulator
		{1FD822BF-5999-4511-B9E2-73D1C1A26CCA}.Ad-Hoc|x64.ActiveCfg = Ad-Hoc|iPhone
		{1FD822BF-5999-4511-B9E2-73D1C1A26CCA}.Ad-Hoc|x86.ActiveCfg = Ad-Hoc|iPhone
		{1FD822BF-5999-4511-B9E2-73D1C1A26CCA}.AppStore|Any CPU.ActiveCfg = AppStore|iPhone
		{1FD822BF-5999-4511-B9E2-73D1C1A26CCA}.AppStore|ARM.ActiveCfg = AppStore|iPhone
		{1FD822BF-5999-4511-B9E2-73D1C1A26CCA}.AppStore|iPhone.ActiveCfg = AppStore|iPhone
		{1FD822BF-5999-4511-B9E2-73D1C1A26CCA}.AppStore|iPhone.Build.0 = AppStore|iPhone
		{1FD822BF-5999-4511-B9E2-73D1C1A26CCA}.AppStore|iPhoneSimulator.ActiveCfg = AppStore|iPhoneSimulator
		{1FD822BF-5999-4511-B9E2-73D1C1A26CCA}.AppStore|iPhoneSimulator.Build.0 = AppStore|iPhoneSimulator
		{1FD822BF-5999-4511-B9E2-73D1C1A26CCA}.AppStore|x64.ActiveCfg = AppStore|iPhone
		{1FD822BF-5999-4511-B9E2-73D1C1A26CCA}.AppStore|x86.ActiveCfg = AppStore|iPhone
		{1FD822BF-5999-4511-B9E2-73D1C1A26CCA}.Debug|Any CPU.ActiveCfg = Debug|iPhone
		{1FD822BF-5999-4511-B9E2-73D1C1A26CCA}.Debug|ARM.ActiveCfg = Debug|iPhone
		{1FD822BF-5999-4511-B9E2-73D1C1A26CCA}.Debug|iPhone.ActiveCfg = Debug|iPhone
		{1FD822BF-5999-4511-B9E2-73D1C1A26CCA}.Debug|iPhone.Build.0 = Debug|iPhone
		{1FD822BF-5999-4511-B9E2-73D1C1A26CCA}.Debug|iPhoneSimulator.ActiveCfg = Debug|iPhoneSimulator
		{1FD822BF-5999-4511-B9E2-73D1C1A26CCA}.Debug|iPhoneSimulator.Build.0 = Debug|iPhoneSimulator
		{1FD822BF-5999-4511-B9E2-73D1C1A26CCA}.Debug|x64.ActiveCfg = Debug|iPhone
		{1FD822BF-5999-4511-B9E2-73D1C1A26CCA}.Debug|x86.ActiveCfg = Debug|iPhone
		{1FD822BF-5999-4511-B9E2-73D1C1A26CCA}.Release|Any CPU.ActiveCfg = Release|iPhone
		{1FD822BF-5999-4511-B9E2-73D1C1A26CCA}.Release|ARM.ActiveCfg = Release|iPhone
		{1FD822BF-5999-4511-B9E2-73D1C1A26CCA}.Release|iPhone.ActiveCfg = Release|iPhone
		{1FD822BF-5999-4511-B9E2-73D1C1A26CCA}.Release|iPhone.Build.0 = Release|iPhone
		{1FD822BF-5999-4511-B9E2-73D1C1A26CCA}.Release|iPhoneSimulator.ActiveCfg = Release|iPhoneSimulator
		{1FD822BF-5999-4511-B9E2-73D1C1A26CCA}.Release|iPhoneSimulator.Build.0 = Release|iPhoneSimulator
		{1FD822BF-5999-4511-B9E2-73D1C1A26CCA}.Release|x64.ActiveCfg = Release|iPhone
		{1FD822BF-5999-4511-B9E2-73D1C1A26CCA}.Release|x86.ActiveCfg = Release|iPhone
	EndGlobalSection
	GlobalSection(SolutionProperties) = preSolution
		HideSolutionNode = FALSE
	EndGlobalSection
EndGlobal
